
Microsoft Visual Studio Solution File, Format Version 12.00
# Visual Studio 15
VisualStudioVersion = 15.0.27428.2027
MinimumVisualStudioVersion = 10.0.40219.1
Project("{FAE04EC0-301F-11D3-BF4B-00C04F79EFBC}") = "Cinema_07_04_2018", "Cinema_07_04_2018\Cinema_07_04_2018.csproj", "{68419E37-5BE9-40C0-A7FD-558BE5E63819}"
EndProject
Global
	GlobalSection(SolutionConfigurationPlatforms) = preSolution
		Debug|Any CPU = Debug|Any CPU
		Release|Any CPU = Release|Any CPU
	EndGlobalSection
	GlobalSection(ProjectConfigurationPlatforms) = postSolution
		{68419E37-5BE9-40C0-A7FD-558BE5E63819}.Debug|Any CPU.ActiveCfg = Debug|Any CPU
		{68419E37-5BE9-40C0-A7FD-558BE5E63819}.Debug|Any CPU.Build.0 = Debug|Any CPU
		{68419E37-5BE9-40C0-A7FD-558BE5E63819}.Release|Any CPU.ActiveCfg = Release|Any CPU
		{68419E37-5BE9-40C0-A7FD-558BE5E63819}.Release|Any CPU.Build.0 = Release|Any CPU
	EndGlobalSection
	GlobalSection(SolutionProperties) = preSolution
		HideSolutionNode = FALSE
	EndGlobalSection
	GlobalSection(ExtensibilityGlobals) = postSolution
		SolutionGuid = {77879B5F-4EA7-4A0D-ADF1-BB402A6C8BEA}
	EndGlobalSection
EndGlobal
